
Microsoft Visual Studio Solution File, Format Version 12.00
# Visual Studio Version 16
VisualStudioVersion = 16.0.30907.101
MinimumVisualStudioVersion = 10.0.40219.1
Project("{9A19103F-16F7-4668-BE54-9A1E7A4F7556}") = "Lib", "Lib\Lib.csproj", "{98BAA0CF-9010-438B-8095-FD36CA551E9E}"
EndProject
Project("{9A19103F-16F7-4668-BE54-9A1E7A4F7556}") = "ChessConsole", "ChessConsole\ChessConsole.csproj", "{9DF1BFF5-845B-46B0-8061-225E9671E7E1}"
EndProject
Project("{9A19103F-16F7-4668-BE54-9A1E7A4F7556}") = "ChessForm", "ChessForm\ChessForm.csproj", "{DA710662-3FB4-47D6-B21B-B17FB67B4E5F}"
EndProject
Global
	GlobalSection(SolutionConfigurationPlatforms) = preSolution
		Debug|Any CPU = Debug|Any CPU
		Release|Any CPU = Release|Any CPU
	EndGlobalSection
	GlobalSection(ProjectConfigurationPlatforms) = postSolution
		{98BAA0CF-9010-438B-8095-FD36CA551E9E}.Debug|Any CPU.ActiveCfg = Debug|Any CPU
		{98BAA0CF-9010-438B-8095-FD36CA551E9E}.Debug|Any CPU.Build.0 = Debug|Any CPU
		{98BAA0CF-9010-438B-8095-FD36CA551E9E}.Release|Any CPU.ActiveCfg = Release|Any CPU
		{98BAA0CF-9010-438B-8095-FD36CA551E9E}.Release|Any CPU.Build.0 = Release|Any CPU
		{9DF1BFF5-845B-46B0-8061-225E9671E7E1}.Debug|Any CPU.ActiveCfg = Debug|Any CPU
		{9DF1BFF5-845B-46B0-8061-225E9671E7E1}.Debug|Any CPU.Build.0 = Debug|Any CPU
		{9DF1BFF5-845B-46B0-8061-225E9671E7E1}.Release|Any CPU.ActiveCfg = Release|Any CPU
		{9DF1BFF5-845B-46B0-8061-225E9671E7E1}.Release|Any CPU.Build.0 = Release|Any CPU
		{DA710662-3FB4-47D6-B21B-B17FB67B4E5F}.Debug|Any CPU.ActiveCfg = Debug|Any CPU
		{DA710662-3FB4-47D6-B21B-B17FB67B4E5F}.Debug|Any CPU.Build.0 = Debug|Any CPU
		{DA710662-3FB4-47D6-B21B-B17FB67B4E5F}.Release|Any CPU.ActiveCfg = Release|Any CPU
		{DA710662-3FB4-47D6-B21B-B17FB67B4E5F}.Release|Any CPU.Build.0 = Release|Any CPU
	EndGlobalSection
	GlobalSection(SolutionProperties) = preSolution
		HideSolutionNode = FALSE
	EndGlobalSection
	GlobalSection(ExtensibilityGlobals) = postSolution
		SolutionGuid = {02B9DAA4-65C2-4C05-9E5C-3CDAE589B582}
	EndGlobalSection
EndGlobal
